
Microsoft Visual Studio Solution File, Format Version 12.00
# Visual Studio Version 16
VisualStudioVersion = 16.0.32106.194
MinimumVisualStudioVersion = 10.0.40219.1
Project("{9A19103F-16F7-4668-BE54-9A1E7A4F7556}") = "Abituria", "Abituria.csproj", "{CA64CAE1-B57C-4D09-B18B-CEE2BB46C623}"
EndProject
Global
	GlobalSection(SolutionConfigurationPlatforms) = preSolution
		Debug|Any CPU = Debug|Any CPU
		Release|Any CPU = Release|Any CPU
	EndGlobalSection
	GlobalSection(ProjectConfigurationPlatforms) = postSolution
		{CA64CAE1-B57C-4D09-B18B-CEE2BB46C623}.Debug|Any CPU.ActiveCfg = Debug|Any CPU
		{CA64CAE1-B57C-4D09-B18B-CEE2BB46C623}.Debug|Any CPU.Build.0 = Debug|Any CPU
		{CA64CAE1-B57C-4D09-B18B-CEE2BB46C623}.Release|Any CPU.ActiveCfg = Release|Any CPU
		{CA64CAE1-B57C-4D09-B18B-CEE2BB46C623}.Release|Any CPU.Build.0 = Release|Any CPU
	EndGlobalSection
	GlobalSection(SolutionProperties) = preSolution
		HideSolutionNode = FALSE
	EndGlobalSection
	GlobalSection(ExtensibilityGlobals) = postSolution
		SolutionGuid = {0069AF3A-92E0-46EA-AB75-64EBF8831A40}
	EndGlobalSection
EndGlobal
