
Microsoft Visual Studio Solution File, Format Version 12.00
# Visual Studio Version 16
VisualStudioVersion = 16.0.31129.286
MinimumVisualStudioVersion = 10.0.40219.1
Project("{FAE04EC0-301F-11D3-BF4B-00C04F79EFBC}") = "Projekt_Inzynierski_Ich_Troje", "Projekt_Inzynierski_Ich_Troje\Projekt_Inzynierski_Ich_Troje.csproj", "{B3D45DF0-A9DB-4AAB-9826-CBB819BFBAB9}"
EndProject
Global
	GlobalSection(SolutionConfigurationPlatforms) = preSolution
		Debug|Any CPU = Debug|Any CPU
		Release|Any CPU = Release|Any CPU
	EndGlobalSection
	GlobalSection(ProjectConfigurationPlatforms) = postSolution
		{B3D45DF0-A9DB-4AAB-9826-CBB819BFBAB9}.Debug|Any CPU.ActiveCfg = Debug|Any CPU
		{B3D45DF0-A9DB-4AAB-9826-CBB819BFBAB9}.Debug|Any CPU.Build.0 = Debug|Any CPU
		{B3D45DF0-A9DB-4AAB-9826-CBB819BFBAB9}.Release|Any CPU.ActiveCfg = Release|Any CPU
		{B3D45DF0-A9DB-4AAB-9826-CBB819BFBAB9}.Release|Any CPU.Build.0 = Release|Any CPU
	EndGlobalSection
	GlobalSection(SolutionProperties) = preSolution
		HideSolutionNode = FALSE
	EndGlobalSection
	GlobalSection(ExtensibilityGlobals) = postSolution
		SolutionGuid = {559A0F2A-3FA6-4325-8A9B-C3674B25F383}
	EndGlobalSection
EndGlobal
